
Microsoft Visual Studio Solution File, Format Version 12.00
# Visual Studio 15
VisualStudioVersion = 15.0.28010.2041
MinimumVisualStudioVersion = 10.0.40219.1
Project("{FAE04EC0-301F-11D3-BF4B-00C04F79EFBC}") = "WebSelf", "WebSelf\WebSelf.csproj", "{E9770F68-21A0-474A-9150-0527F85C4429}"
EndProject
Global
	GlobalSection(SolutionConfigurationPlatforms) = preSolution
		Debug|Any CPU = Debug|Any CPU
		Release|Any CPU = Release|Any CPU
	EndGlobalSection
	GlobalSection(ProjectConfigurationPlatforms) = postSolution
		{E9770F68-21A0-474A-9150-0527F85C4429}.Debug|Any CPU.ActiveCfg = Debug|Any CPU
		{E9770F68-21A0-474A-9150-0527F85C4429}.Debug|Any CPU.Build.0 = Debug|Any CPU
		{E9770F68-21A0-474A-9150-0527F85C4429}.Release|Any CPU.ActiveCfg = Release|Any CPU
		{E9770F68-21A0-474A-9150-0527F85C4429}.Release|Any CPU.Build.0 = Release|Any CPU
	EndGlobalSection
	GlobalSection(SolutionProperties) = preSolution
		HideSolutionNode = FALSE
	EndGlobalSection
	GlobalSection(ExtensibilityGlobals) = postSolution
		SolutionGuid = {00820AB8-695A-4936-B524-FB3529676B2F}
	EndGlobalSection
EndGlobal
