
Microsoft Visual Studio Solution File, Format Version 12.00
# Visual Studio 15
VisualStudioVersion = 15.0.28010.2041
MinimumVisualStudioVersion = 10.0.40219.1
Project("{FAE04EC0-301F-11D3-BF4B-00C04F79EFBC}") = "WebDisk2", "WebDisk2\WebDisk2.csproj", "{8B6820AB-D862-4421-881A-7FD4925AD7AB}"
EndProject
Global
	GlobalSection(SolutionConfigurationPlatforms) = preSolution
		Debug|Any CPU = Debug|Any CPU
		Release|Any CPU = Release|Any CPU
	EndGlobalSection
	GlobalSection(ProjectConfigurationPlatforms) = postSolution
		{8B6820AB-D862-4421-881A-7FD4925AD7AB}.Debug|Any CPU.ActiveCfg = Debug|Any CPU
		{8B6820AB-D862-4421-881A-7FD4925AD7AB}.Debug|Any CPU.Build.0 = Debug|Any CPU
		{8B6820AB-D862-4421-881A-7FD4925AD7AB}.Release|Any CPU.ActiveCfg = Release|Any CPU
		{8B6820AB-D862-4421-881A-7FD4925AD7AB}.Release|Any CPU.Build.0 = Release|Any CPU
	EndGlobalSection
	GlobalSection(SolutionProperties) = preSolution
		HideSolutionNode = FALSE
	EndGlobalSection
	GlobalSection(ExtensibilityGlobals) = postSolution
		SolutionGuid = {E0A96D07-E7D5-4820-AEA3-49AF35140D5A}
	EndGlobalSection
EndGlobal
